Microsoft Visual Studio Solution File, Format Version 12.00
# Visual Studio 15
VisualStudioVersion = 15.0.27004.2009
MinimumVisualStudioVersion = 10.0.40219.1
Project("{D954291E-2A0B-460D-934E-DC6B0785DB48}") = "XamlCssTest", "XamlCssTest\XamlCssTest.shproj", "{F8D26A0C-BC3F-4002-A0B1-66148DDB1D9F}"
EndProject
Project("{FAE04EC0-301F-11D3-BF4B-00C04F79EFBC}") = "XamlCssTest.iOS", "iOS\XamlCssTest.iOS.csproj", "{32FDF48C-E62D-411A-94FB-4CA18501778E}"
EndProject
Project("{FAE04EC0-301F-11D3-BF4B-00C04F79EFBC}") = "XamlCssTest.Droid", "Droid\XamlCssTest.Droid.csproj", "{97594216-61D3-4C8B-8D32-54D74197E2D7}"
EndProject
Global
	GlobalSection(SharedMSBuildProjectFiles) = preSolution
		XamlCssTest\XamlCssTest.projitems*{32fdf48c-e62d-411a-94fb-4ca18501778e}*SharedItemsImports = 4
		XamlCssTest\XamlCssTest.projitems*{97594216-61d3-4c8b-8d32-54d74197e2d7}*SharedItemsImports = 4
		XamlCssTest\XamlCssTest.projitems*{f8d26a0c-bc3f-4002-a0b1-66148ddb1d9f}*SharedItemsImports = 13
	EndGlobalSection
	GlobalSection(SolutionConfigurationPlatforms) = preSolution
		Debug|Any CPU = Debug|Any CPU
		Debug|iPhone = Debug|iPhone
		Debug|iPhoneSimulator = Debug|iPhoneSimulator
		Release|Any CPU = Release|Any CPU
		Release|iPhone = Release|iPhone
		Release|iPhoneSimulator = Release|iPhoneSimulator
	EndGlobalSection
	GlobalSection(ProjectConfigurationPlatforms) = postSolution
		{32FDF48C-E62D-411A-94FB-4CA18501778E}.Debug|Any CPU.ActiveCfg = Debug|iPhoneSimulator
		{32FDF48C-E62D-411A-94FB-4CA18501778E}.Debug|Any CPU.Build.0 = Debug|iPhoneSimulator
		{32FDF48C-E62D-411A-94FB-4CA18501778E}.Debug|iPhone.ActiveCfg = Debug|iPhone
		{32FDF48C-E62D-411A-94FB-4CA18501778E}.Debug|iPhone.Build.0 = Debug|iPhone
		{32FDF48C-E62D-411A-94FB-4CA18501778E}.Debug|iPhoneSimulator.ActiveCfg = Debug|iPhoneSimulator
		{32FDF48C-E62D-411A-94FB-4CA18501778E}.Debug|iPhoneSimulator.Build.0 = Debug|iPhoneSimulator
		{32FDF48C-E62D-411A-94FB-4CA18501778E}.Release|Any CPU.ActiveCfg = Release|iPhone
		{32FDF48C-E62D-411A-94FB-4CA18501778E}.Release|Any CPU.Build.0 = Release|iPhone
		{32FDF48C-E62D-411A-94FB-4CA18501778E}.Release|iPhone.ActiveCfg = Release|iPhone
		{32FDF48C-E62D-411A-94FB-4CA18501778E}.Release|iPhone.Build.0 = Release|iPhone
		{32FDF48C-E62D-411A-94FB-4CA18501778E}.Release|iPhoneSimulator.ActiveCfg = Release|iPhoneSimulator
		{32FDF48C-E62D-411A-94FB-4CA18501778E}.Release|iPhoneSimulator.Build.0 = Release|iPhoneSimulator
		{97594216-61D3-4C8B-8D32-54D74197E2D7}.Debug|Any CPU.ActiveCfg = Debug|Any CPU
		{97594216-61D3-4C8B-8D32-54D74197E2D7}.Debug|Any CPU.Build.0 = Debug|Any CPU
		{97594216-61D3-4C8B-8D32-54D74197E2D7}.Debug|Any CPU.Deploy.0 = Debug|Any CPU
		{97594216-61D3-4C8B-8D32-54D74197E2D7}.Debug|iPhone.ActiveCfg = Debug|Any CPU
		{97594216-61D3-4C8B-8D32-54D74197E2D7}.Debug|iPhone.Build.0 = Debug|Any CPU
		{97594216-61D3-4C8B-8D32-54D74197E2D7}.Debug|iPhoneSimulator.ActiveCfg = Debug|Any CPU
		{97594216-61D3-4C8B-8D32-54D74197E2D7}.Debug|iPhoneSimulator.Build.0 = Debug|Any CPU
		{97594216-61D3-4C8B-8D32-54D74197E2D7}.Release|Any CPU.ActiveCfg = Release|Any CPU
		{97594216-61D3-4C8B-8D32-54D74197E2D7}.Release|Any CPU.Build.0 = Release|Any CPU
		{97594216-61D3-4C8B-8D32-54D74197E2D7}.Release|iPhone.ActiveCfg = Release|Any CPU
		{97594216-61D3-4C8B-8D32-54D74197E2D7}.Release|iPhone.Build.0 = Release|Any CPU
		{97594216-61D3-4C8B-8D32-54D74197E2D7}.Release|iPhoneSimulator.ActiveCfg = Release|Any CPU
		{97594216-61D3-4C8B-8D32-54D74197E2D7}.Release|iPhoneSimulator.Build.0 = Release|Any CPU
	EndGlobalSection
	GlobalSection(SolutionProperties) = preSolution
		HideSolutionNode = FALSE
	EndGlobalSection
	GlobalSection(ExtensibilityGlobals) = postSolution
		SolutionGuid = {47E389BF-6A2E-4173-B9DB-BC0B58FC590B}
	EndGlobalSection
EndGlobal
