
Microsoft Visual Studio Solution File, Format Version 12.00
# Visual Studio 2012
Project("{D954291E-2A0B-460D-934E-DC6B0785DB48}") = "XamlCssTest", "XamlCssTest\XamlCssTest.shproj", "{F8D26A0C-BC3F-4002-A0B1-66148DDB1D9F}"
EndProject
Project("{FAE04EC0-301F-11D3-BF4B-00C04F79EFBC}") = "XamlCssTest.iOS", "iOS\XamlCssTest.iOS.csproj", "{32FDF48C-E62D-411A-94FB-4CA18501778E}"
EndProject
Project("{FAE04EC0-301F-11D3-BF4B-00C04F79EFBC}") = "XamlCssTest.Droid", "Droid\XamlCssTest.Droid.csproj", "{97594216-61D3-4C8B-8D32-54D74197E2D7}"
EndProject
Global
	GlobalSection(SolutionConfigurationPlatforms) = preSolution
		Debug|iPhoneSimulator = Debug|iPhoneSimulator
		Release|iPhone = Release|iPhone
		Release|iPhoneSimulator = Release|iPhoneSimulator
		Debug|iPhone = Debug|iPhone
		Debug|Any CPU = Debug|Any CPU
		Release|Any CPU = Release|Any CPU
	EndGlobalSection
	GlobalSection(ProjectConfigurationPlatforms) = postSolution
		{32FDF48C-E62D-411A-94FB-4CA18501778E}.Debug|iPhoneSimulator.ActiveCfg = Debug|iPhoneSimulator
		{32FDF48C-E62D-411A-94FB-4CA18501778E}.Debug|iPhoneSimulator.Build.0 = Debug|iPhoneSimulator
		{32FDF48C-E62D-411A-94FB-4CA18501778E}.Release|iPhone.ActiveCfg = Release|iPhone
		{32FDF48C-E62D-411A-94FB-4CA18501778E}.Release|iPhone.Build.0 = Release|iPhone
		{32FDF48C-E62D-411A-94FB-4CA18501778E}.Release|iPhoneSimulator.ActiveCfg = Release|iPhoneSimulator
		{32FDF48C-E62D-411A-94FB-4CA18501778E}.Release|iPhoneSimulator.Build.0 = Release|iPhoneSimulator
		{32FDF48C-E62D-411A-94FB-4CA18501778E}.Debug|iPhone.ActiveCfg = Debug|iPhone
		{32FDF48C-E62D-411A-94FB-4CA18501778E}.Debug|iPhone.Build.0 = Debug|iPhone
		{32FDF48C-E62D-411A-94FB-4CA18501778E}.Debug|Any CPU.ActiveCfg = Debug|iPhoneSimulator
		{32FDF48C-E62D-411A-94FB-4CA18501778E}.Debug|Any CPU.Build.0 = Debug|iPhoneSimulator
		{32FDF48C-E62D-411A-94FB-4CA18501778E}.Release|Any CPU.ActiveCfg = Release|iPhone
		{32FDF48C-E62D-411A-94FB-4CA18501778E}.Release|Any CPU.Build.0 = Release|iPhone
		{97594216-61D3-4C8B-8D32-54D74197E2D7}.Debug|iPhoneSimulator.ActiveCfg = Debug|Any CPU
		{97594216-61D3-4C8B-8D32-54D74197E2D7}.Debug|iPhoneSimulator.Build.0 = Debug|Any CPU
		{97594216-61D3-4C8B-8D32-54D74197E2D7}.Release|iPhone.ActiveCfg = Release|Any CPU
		{97594216-61D3-4C8B-8D32-54D74197E2D7}.Release|iPhone.Build.0 = Release|Any CPU
		{97594216-61D3-4C8B-8D32-54D74197E2D7}.Release|iPhoneSimulator.ActiveCfg = Release|Any CPU
		{97594216-61D3-4C8B-8D32-54D74197E2D7}.Release|iPhoneSimulator.Build.0 = Release|Any CPU
		{97594216-61D3-4C8B-8D32-54D74197E2D7}.Debug|iPhone.ActiveCfg = Debug|Any CPU
		{97594216-61D3-4C8B-8D32-54D74197E2D7}.Debug|iPhone.Build.0 = Debug|Any CPU
		{97594216-61D3-4C8B-8D32-54D74197E2D7}.Debug|Any CPU.ActiveCfg = Debug|Any CPU
		{97594216-61D3-4C8B-8D32-54D74197E2D7}.Debug|Any CPU.Build.0 = Debug|Any CPU
		{97594216-61D3-4C8B-8D32-54D74197E2D7}.Release|Any CPU.ActiveCfg = Release|Any CPU
		{97594216-61D3-4C8B-8D32-54D74197E2D7}.Release|Any CPU.Build.0 = Release|Any CPU
	EndGlobalSection
EndGlobal
